# This file is automatically @generated by Cargo.
# It is not intended for manual editing.
version = 4

[[package]]
name = "commeatus"
version = "0.3.0-alpha.1"
dependencies = [
 "commeatus-compat",
 "commeatus-core",
 "commeatus-dns",
 "commeatus-platform",
]

[[package]]
name = "commeatus-compat"
version = "0.3.0-alpha.1"
dependencies = [
 "commeatus-core",
]

[[package]]
name = "commeatus-core"
version = "0.3.0-alpha.1"

[[package]]
name = "commeatus-dns"
version = "0.3.0-alpha.1"

[[package]]
name = "commeatus-platform"
version = "0.3.0-alpha.1"
